
Microsoft Visual Studio Solution File, Format Version 11.00
# Visual Studio 2010
Project("{FAE04EC0-301F-11D3-BF4B-00C04F79EFBC}") = "zawscc", "zawscc.csproj", "{04D1354F-539E-4D87-8B25-F891271CAC5D}"
EndProject
Project("{FAE04EC0-301F-11D3-BF4B-00C04F79EFBC}") = "granados", "granados\src\granados.csproj", "{9780D85D-2E12-4747-9E08-DEDB95A71FC3}"
EndProject
Global
	GlobalSection(SolutionConfigurationPlatforms) = preSolution
		Debug|Any CPU = Debug|Any CPU
		Release|Any CPU = Release|Any CPU
	EndGlobalSection
	GlobalSection(ProjectConfigurationPlatforms) = postSolution
		{04D1354F-539E-4D87-8B25-F891271CAC5D}.Debug|Any CPU.ActiveCfg = Debug|Any CPU
		{04D1354F-539E-4D87-8B25-F891271CAC5D}.Debug|Any CPU.Build.0 = Debug|Any CPU
		{04D1354F-539E-4D87-8B25-F891271CAC5D}.Release|Any CPU.ActiveCfg = Release|Any CPU
		{04D1354F-539E-4D87-8B25-F891271CAC5D}.Release|Any CPU.Build.0 = Release|Any CPU
		{9780D85D-2E12-4747-9E08-DEDB95A71FC3}.Debug|Any CPU.ActiveCfg = Debug|Any CPU
		{9780D85D-2E12-4747-9E08-DEDB95A71FC3}.Debug|Any CPU.Build.0 = Debug|Any CPU
		{9780D85D-2E12-4747-9E08-DEDB95A71FC3}.Release|Any CPU.ActiveCfg = Release|Any CPU
		{9780D85D-2E12-4747-9E08-DEDB95A71FC3}.Release|Any CPU.Build.0 = Release|Any CPU
	EndGlobalSection
	GlobalSection(SolutionProperties) = preSolution
		HideSolutionNode = FALSE
	EndGlobalSection
EndGlobal
